
Microsoft Visual Studio Solution File, Format Version 12.00
# Visual Studio Version 17
VisualStudioVersion = 17.2.32516.85
MinimumVisualStudioVersion = 10.0.40219.1
Project("{2150E333-8FDC-42A3-9474-1A3956D46DE8}") = "Src", "Src", "{6323C89D-1E14-4759-9B22-7061D8647CE9}"
EndProject
Project("{2150E333-8FDC-42A3-9474-1A3956D46DE8}") = "Common", "Common", "{3A4B4C78-D2FC-4A76-BB57-8CE818D3E434}"
EndProject
Project("{2150E333-8FDC-42A3-9474-1A3956D46DE8}") = "Infrastructure", "Infrastructure", "{4F8B9427-E744-481F-A055-7CB368C8DC90}"
EndProject
Project("{2150E333-8FDC-42A3-9474-1A3956D46DE8}") = "Core", "Core", "{4873B644-7E68-422D-A768-29D864987BA7}"
EndProject
Project("{2150E333-8FDC-42A3-9474-1A3956D46DE8}") = "Presentation", "Presentation", "{B71AC947-0AFF-43B8-84BE-1309A502C934}"
EndProject
Project("{FAE04EC0-301F-11D3-BF4B-00C04F79EFBC}") = "BSynchro.Common", "BSynchro.Common\BSynchro.Common.csproj", "{E3D36BED-7F70-4D01-92AA-6D0B1B32A794}"
EndProject
Project("{FAE04EC0-301F-11D3-BF4B-00C04F79EFBC}") = "BSynchro.Application", "BSynchro.Application\BSynchro.Application.csproj", "{FD5E4426-91E0-4B63-B2C6-D3BE547EB54E}"
EndProject
Project("{FAE04EC0-301F-11D3-BF4B-00C04F79EFBC}") = "BSynchro.Domain", "BSynchro.Domain\BSynchro.Domain.csproj", "{D03FA871-B5C2-406D-A61B-CE1D03758F1B}"
EndProject
Project("{FAE04EC0-301F-11D3-BF4B-00C04F79EFBC}") = "BSynchro.Infrastructure", "BSynchro.Infrastructure\BSynchro.Infrastructure.csproj", "{267D1448-9380-408F-96E8-41DB97D39728}"
EndProject
Project("{FAE04EC0-301F-11D3-BF4B-00C04F79EFBC}") = "BSynchro.Persistence", "BSynchro.Persistence\BSynchro.Persistence.csproj", "{A067CFBF-720A-44D1-97F0-7BC3DC717E7B}"
EndProject
Project("{FAE04EC0-301F-11D3-BF4B-00C04F79EFBC}") = "BSynchro.API", "BSynchro.API\BSynchro.API.csproj", "{53F1A5EC-4DBA-449F-9F47-422F7651C48C}"
EndProject
Global
	GlobalSection(SolutionConfigurationPlatforms) = preSolution
		Debug|Any CPU = Debug|Any CPU
		Release|Any CPU = Release|Any CPU
	EndGlobalSection
	GlobalSection(ProjectConfigurationPlatforms) = postSolution
		{E3D36BED-7F70-4D01-92AA-6D0B1B32A794}.Debug|Any CPU.ActiveCfg = Debug|Any CPU
		{E3D36BED-7F70-4D01-92AA-6D0B1B32A794}.Debug|Any CPU.Build.0 = Debug|Any CPU
		{E3D36BED-7F70-4D01-92AA-6D0B1B32A794}.Release|Any CPU.ActiveCfg = Release|Any CPU
		{E3D36BED-7F70-4D01-92AA-6D0B1B32A794}.Release|Any CPU.Build.0 = Release|Any CPU
		{FD5E4426-91E0-4B63-B2C6-D3BE547EB54E}.Debug|Any CPU.ActiveCfg = Debug|Any CPU
		{FD5E4426-91E0-4B63-B2C6-D3BE547EB54E}.Debug|Any CPU.Build.0 = Debug|Any CPU
		{FD5E4426-91E0-4B63-B2C6-D3BE547EB54E}.Release|Any CPU.ActiveCfg = Release|Any CPU
		{FD5E4426-91E0-4B63-B2C6-D3BE547EB54E}.Release|Any CPU.Build.0 = Release|Any CPU
		{D03FA871-B5C2-406D-A61B-CE1D03758F1B}.Debug|Any CPU.ActiveCfg = Debug|Any CPU
		{D03FA871-B5C2-406D-A61B-CE1D03758F1B}.Debug|Any CPU.Build.0 = Debug|Any CPU
		{D03FA871-B5C2-406D-A61B-CE1D03758F1B}.Release|Any CPU.ActiveCfg = Release|Any CPU
		{D03FA871-B5C2-406D-A61B-CE1D03758F1B}.Release|Any CPU.Build.0 = Release|Any CPU
		{267D1448-9380-408F-96E8-41DB97D39728}.Debug|Any CPU.ActiveCfg = Debug|Any CPU
		{267D1448-9380-408F-96E8-41DB97D39728}.Debug|Any CPU.Build.0 = Debug|Any CPU
		{267D1448-9380-408F-96E8-41DB97D39728}.Release|Any CPU.ActiveCfg = Release|Any CPU
		{267D1448-9380-408F-96E8-41DB97D39728}.Release|Any CPU.Build.0 = Release|Any CPU
		{A067CFBF-720A-44D1-97F0-7BC3DC717E7B}.Debug|Any CPU.ActiveCfg = Debug|Any CPU
		{A067CFBF-720A-44D1-97F0-7BC3DC717E7B}.Debug|Any CPU.Build.0 = Debug|Any CPU
		{A067CFBF-720A-44D1-97F0-7BC3DC717E7B}.Release|Any CPU.ActiveCfg = Release|Any CPU
		{A067CFBF-720A-44D1-97F0-7BC3DC717E7B}.Release|Any CPU.Build.0 = Release|Any CPU
		{53F1A5EC-4DBA-449F-9F47-422F7651C48C}.Debug|Any CPU.ActiveCfg = Debug|Any CPU
		{53F1A5EC-4DBA-449F-9F47-422F7651C48C}.Debug|Any CPU.Build.0 = Debug|Any CPU
		{53F1A5EC-4DBA-449F-9F47-422F7651C48C}.Release|Any CPU.ActiveCfg = Release|Any CPU
		{53F1A5EC-4DBA-449F-9F47-422F7651C48C}.Release|Any CPU.Build.0 = Release|Any CPU
	EndGlobalSection
	GlobalSection(SolutionProperties) = preSolution
		HideSolutionNode = FALSE
	EndGlobalSection
	GlobalSection(NestedProjects) = preSolution
		{3A4B4C78-D2FC-4A76-BB57-8CE818D3E434} = {6323C89D-1E14-4759-9B22-7061D8647CE9}
		{4F8B9427-E744-481F-A055-7CB368C8DC90} = {6323C89D-1E14-4759-9B22-7061D8647CE9}
		{4873B644-7E68-422D-A768-29D864987BA7} = {6323C89D-1E14-4759-9B22-7061D8647CE9}
		{B71AC947-0AFF-43B8-84BE-1309A502C934} = {6323C89D-1E14-4759-9B22-7061D8647CE9}
		{E3D36BED-7F70-4D01-92AA-6D0B1B32A794} = {3A4B4C78-D2FC-4A76-BB57-8CE818D3E434}
		{FD5E4426-91E0-4B63-B2C6-D3BE547EB54E} = {4873B644-7E68-422D-A768-29D864987BA7}
		{D03FA871-B5C2-406D-A61B-CE1D03758F1B} = {4873B644-7E68-422D-A768-29D864987BA7}
		{267D1448-9380-408F-96E8-41DB97D39728} = {4F8B9427-E744-481F-A055-7CB368C8DC90}
		{A067CFBF-720A-44D1-97F0-7BC3DC717E7B} = {4F8B9427-E744-481F-A055-7CB368C8DC90}
		{53F1A5EC-4DBA-449F-9F47-422F7651C48C} = {B71AC947-0AFF-43B8-84BE-1309A502C934}
	EndGlobalSection
	GlobalSection(ExtensibilityGlobals) = postSolution
		SolutionGuid = {36FAC729-1A12-47D8-8051-6A38C79FAA7C}
	EndGlobalSection
EndGlobal
